// !$*UTF8*$!
{
	archiveVersion = 1;
	classes = {
	};
	objectVersion = 46;
	objects = {

/* Begin PBXBuildFile section */
		67342BC41DCAD7E800A966DF /* AppDelegate.swift in Sources */ = {isa = PBXBuildFile; fileRef = 67342BC31DCAD7E800A966DF /* AppDelegate.swift */; };
		67342BC61DCAD7E800A966DF /* ViewController.swift in Sources */ = {isa = PBXBuildFile; fileRef = 67342BC51DCAD7E800A966DF /* ViewController.swift */; };
		67342BC91DCAD7E800A966DF /* Main.storyboard in Resources */ = {isa = PBXBuildFile; fileRef = 67342BC71DCAD7E800A966DF /* Main.storyboard */; };
		67342BCB1DCAD7E900A966DF /* Assets.xcassets in Resources */ = {isa = PBXBuildFile; fileRef = 67342BCA1DCAD7E900A966DF /* Assets.xcassets */; };
		67342BCE1DCAD7E900A966DF /* LaunchScreen.storyboard in Resources */ = {isa = PBXBuildFile; fileRef = 67342BCC1DCAD7E900A966DF /* LaunchScreen.storyboard */; };
/* End PBXBuildFile section */

/* Begin PBXFileReference section */
		67342BC01DCAD7E800A966DF /* SmileyCanvas.app */ = {isa = PBXFileReference; explicitFileType = wrapper.application; includeInIndex = 0; path = SmileyCanvas.app; sourceTree = BUILT_PRODUCTS_DIR; };
		67342BC31DCAD7E800A966DF /* AppDelegate.swift */ = {isa = PBXFileReference; lastKnownFileType = sourcecode.swift; path = AppDelegate.swift; sourceTree = "<group>"; };
		67342BC51DCAD7E800A966DF /* ViewController.swift */ = {isa = PBXFileReference; lastKnownFileType = sourcecode.swift; path = ViewController.swift; sourceTree = "<group>"; };
		67342BC81DCAD7E800A966DF /* Base */ = {isa = PBXFileReference; lastKnownFileType = file.storyboard; name = Base; path = Base.lproj/Main.storyboard; sourceTree = "<group>"; };
		67342BCA1DCAD7E900A966DF /* Assets.xcassets */ = {isa = PBXFileReference; lastKnownFileType = folder.assetcatalog; path = Assets.xcassets; sourceTree = "<group>"; };
		67342BCD1DCAD7E900A966DF /* Base */ = {isa = PBXFileReference; lastKnownFileType = file.storyboard; name = Base; path = Base.lproj/LaunchScreen.storyboard; sourceTree = "<group>"; };
		67342BCF1DCAD7E900A966DF /* Info.plist */ = {isa = PBXFileReference; lastKnownFileType = text.plist.xml; path = Info.plist; sourceTree = "<group>"; };
/* End PBXFileReference section */

/* Begin PBXFrameworksBuildPhase section */
		67342BBD1DCAD7E800A966DF /* Frameworks */ = {
			isa = PBXFrameworksBuildPhase;
			buildActionMask = 2147483647;
			files = (
			);
			runOnlyForDeploymentPostprocessing = 0;
		};
/* End PBXFrameworksBuildPhase section */

/* Begin PBXGroup section */
		67342BB71DCAD7E800A966DF = {
			isa = PBXGroup;
			children = (
				67342BC21DCAD7E800A966DF /* SmileyCanvas */,
				67342BC11DCAD7E800A966DF /* Products */,
			);
			sourceTree = "<group>";
		};
		67342BC11DCAD7E800A966DF /* Products */ = {
			isa = PBXGroup;
			children = (
				67342BC01DCAD7E800A966DF /* SmileyCanvas.app */,
			);
			name = Products;
			sourceTree = "<group>";
		};
		67342BC21DCAD7E800A966DF /* SmileyCanvas */ = {
			isa = PBXGroup;
			children = (
				67342BC31DCAD7E800A966DF /* AppDelegate.swift */,
				67342BC51DCAD7E800A966DF /* ViewController.swift */,
				67342BC71DCAD7E800A966DF /* Main.storyboard */,
				67342BCA1DCAD7E900A966DF /* Assets.xcassets */,
				67342BCC1DCAD7E900A966DF /* LaunchScreen.storyboard */,
				67342BCF1DCAD7E900A966DF /* Info.plist */,
			);
			path = SmileyCanvas;
			sourceTree = "<group>";
		};
/* End PBXGroup section */

/* Begin PBXNativeTarget section */
		67342BBF1DCAD7E800A966DF /* SmileyCanvas */ = {
			isa = PBXNativeTarget;
			buildConfigurationList = 67342BD21DCAD7E900A966DF /* Build configuration list for PBXNativeTarget "SmileyCanvas" */;
			buildPhases = (
				67342BBC1DCAD7E800A966DF /* Sources */,
				67342BBD1DCAD7E800A966DF /* Frameworks */,
				67342BBE1DCAD7E800A966DF /* Resources */,
			);
			buildRules = (
			);
			dependencies = (
			);
			name = SmileyCanvas;
			productName = SmileyCanvas;
			productReference = 67342BC01DCAD7E800A966DF /* SmileyCanvas.app */;
			productType = "com.apple.product-type.application";
		};
/* End PBXNativeTarget section */

/* Begin PBXProject section */
		67342BB81DCAD7E800A966DF /* Project object */ = {
			isa = PBXProject;
			attributes = {
				LastSwiftUpdateCheck = 0800;
				LastUpgradeCheck = 0800;
				ORGANIZATIONNAME = CodePath;
				TargetAttributes = {
					67342BBF1DCAD7E800A966DF = {
						CreatedOnToolsVersion = 8.0;
						ProvisioningStyle = Automatic;
					};
				};
			};
			buildConfigurationList = 67342BBB1DCAD7E800A966DF /* Build configuration list for PBXProject "SmileyCanvas" */;
			compatibilityVersion = "Xcode 3.2";
			developmentRegion = English;
			hasScannedForEncodings = 0;
			knownRegions = (
				en,
				Base,
			);
			mainGroup = 67342BB71DCAD7E800A966DF;
			productRefGroup = 67342BC11DCAD7E800A966DF /* Products */;
			projectDirPath = "";
			projectRoot = "";
			targets = (
				67342BBF1DCAD7E800A966DF /* SmileyCanvas */,
			);
		};
/* End PBXProject section */

/* Begin PBXResourcesBuildPhase section */
		67342BBE1DCAD7E800A966DF /* Resources */ = {
			isa = PBXResourcesBuildPhase;
			buildActionMask = 2147483647;
			files = (
				67342BCE1DCAD7E900A966DF /* LaunchScreen.storyboard in Resources */,
				67342BCB1DCAD7E900A966DF /* Assets.xcassets in Resources */,
				67342BC91DCAD7E800A966DF /* Main.storyboard in Resources */,
			);
			runOnlyForDeploymentPostprocessing = 0;
		};
/* End PBXResourcesBuildPhase section */

/* Begin PBXSourcesBuildPhase section */
		67342BBC1DCAD7E800A966DF /* Sources */ = {
			isa = PBXSourcesBuildPhase;
			buildActionMask = 2147483647;
			files = (
				67342BC61DCAD7E800A966DF /* ViewController.swift in Sources */,
				67342BC41DCAD7E800A966DF /* AppDelegate.swift in Sources */,
			);
			runOnlyForDeploymentPostprocessing = 0;
		};
/* End PBXSourcesBuildPhase section */

/* Begin PBXVariantGroup section */
		67342BC71DCAD7E800A966DF /* Main.storyboard */ = {
			isa = PBXVariantGroup;
			children = (
				67342BC81DCAD7E800A966DF /* Base */,
			);
			name = Main.storyboard;
			sourceTree = "<group>";
		};
		67342BCC1DCAD7E900A966DF /* LaunchScreen.storyboard */ = {
			isa = PBXVariantGroup;
			children = (
				67342BCD1DCAD7E900A966DF /* Base */,
			);
			name = LaunchScreen.storyboard;
			sourceTree = "<group>";
		};
/* End PBXVariantGroup section */

/* Begin XCBuildConfiguration section */
		67342BD01DCAD7E900A966DF /* Debug */ = {
			isa = XCBuildConfiguration;
			buildSettings = {
				ALWAYS_SEARCH_USER_PATHS = NO;
				CLANG_ANALYZER_NONNULL = YES;
				CLANG_CXX_LANGUAGE_STANDARD = "gnu++0x";
				CLANG_CXX_LIBRARY = "libc++";
				CLANG_ENABLE_MODULES = YES;
				CLANG_ENABLE_OBJC_ARC = YES;
				CLANG_WARN_BOOL_CONVERSION = YES;
				CLANG_WARN_CONSTANT_CONVERSION = YES;
				CLANG_WARN_DIRECT_OBJC_ISA_USAGE = YES_ERROR;
				CLANG_WARN_DOCUMENTATION_COMMENTS = YES;
				CLANG_WARN_EMPTY_BODY = YES;
				CLANG_WARN_ENUM_CONVERSION = YES;
				CLANG_WARN_INFINITE_RECURSION = YES;
				CLANG_WARN_INT_CONVERSION = YES;
				CLANG_WARN_OBJC_ROOT_CLASS = YES_ERROR;
				CLANG_WARN_SUSPICIOUS_MOVES = YES;
				CLANG_WARN_UNREACHABLE_CODE = YES;
				CLANG_WARN__DUPLICATE_METHOD_MATCH = YES;
				"CODE_SIGN_IDENTITY[sdk=iphoneos*]" = "iPhone Developer";
				COPY_PHASE_STRIP = NO;
				DEBUG_INFORMATION_FORMAT = dwarf;
				ENABLE_STRICT_OBJC_MSGSEND = YES;
				ENABLE_TESTABILITY = YES;
				GCC_C_LANGUAGE_STANDARD = gnu99;
				GCC_DYNAMIC_NO_PIC = NO;
				GCC_NO_COMMON_BLOCKS = YES;
				GCC_OPTIMIZATION_LEVEL = 0;
				GCC_PREPROCESSOR_DEFINITIONS = (
					"DEBUG=1",
					"$(inherited)",
				);
				GCC_WARN_64_TO_32_BIT_CONVERSION = YES;
				GCC_WARN_ABOUT_RETURN_TYPE = YES_ERROR;
				GCC_WARN_UNDECLARED_SELECTOR = YES;
				GCC_WARN_UNINITIALIZED_AUTOS = YES_AGGRESSIVE;
				GCC_WARN_UNUSED_FUNCTION = YES;
				GCC_WARN_UNUSED_VARIABLE = YES;
				IPHONEOS_DEPLOYMENT_TARGET = 10.0;
				MTL_ENABLE_DEBUG_INFO = YES;
				ONLY_ACTIVE_ARCH = YES;
				SDKROOT = iphoneos;
				SWIFT_ACTIVE_COMPILATION_CONDITIONS = DEBUG;
				SWIFT_OPTIMIZATION_LEVEL = "-Onone";
				TARGETED_DEVICE_FAMILY = "1,2";
			};
			name = Debug;
		};
		67342BD11DCAD7E900A966DF /* Release */ = {
			isa = XCBuildConfiguration;
			buildSettings = {
				ALWAYS_SEARCH_USER_PATHS = NO;
				CLANG_ANALYZER_NONNULL = YES;
				CLANG_CXX_LANGUAGE_STANDARD = "gnu++0x";
				CLANG_CXX_LIBRARY = "libc++";
				CLANG_ENABLE_MODULES = YES;
				CLANG_ENABLE_OBJC_ARC = YES;
				CLANG_WARN_BOOL_CONVERSION = YES;
				CLANG_WARN_CONSTANT_CONVERSION = YES;
				CLANG_WARN_DIRECT_OBJC_ISA_USAGE = YES_ERROR;
				CLANG_WARN_DOCUMENTATION_COMMENTS = YES;
				CLANG_WARN_EMPTY_BODY = YES;
				CLANG_WARN_ENUM_CONVERSION = YES;
				CLANG_WARN_INFINITE_RECURSION = YES;
				CLANG_WARN_INT_CONVERSION = YES;
				CLANG_WARN_OBJC_ROOT_CLASS = YES_ERROR;
				CLANG_WARN_SUSPICIOUS_MOVES = YES;
				CLANG_WARN_UNREACHABLE_CODE = YES;
				CLANG_WARN__DUPLICATE_METHOD_MATCH = YES;
				"CODE_SIGN_IDENTITY[sdk=iphoneos*]" = "iPhone Developer";
				COPY_PHASE_STRIP = NO;
				DEBUG_INFORMATION_FORMAT = "dwarf-with-dsym";
				ENABLE_NS_ASSERTIONS = NO;
				ENABLE_STRICT_OBJC_MSGSEND = YES;
				GCC_C_LANGUAGE_STANDARD = gnu99;
				GCC_NO_COMMON_BLOCKS = YES;
				GCC_WARN_64_TO_32_BIT_CONVERSION = YES;
				GCC_WARN_ABOUT_RETURN_TYPE = YES_ERROR;
				GCC_WARN_UNDECLARED_SELECTOR = YES;
				GCC_WARN_UNINITIALIZED_AUTOS = YES_AGGRESSIVE;
				GCC_WARN_UNUSED_FUNCTION = YES;
				GCC_WARN_UNUSED_VARIABLE = YES;
				IPHONEOS_DEPLOYMENT_TARGET = 10.0;
				MTL_ENABLE_DEBUG_INFO = NO;
				SDKROOT = iphoneos;
				SWIFT_OPTIMIZATION_LEVEL = "-Owholemodule";
				TARGETED_DEVICE_FAMILY = "1,2";
				VALIDATE_PRODUCT = YES;
			};
			name = Release;
		};
		67342BD31DCAD7E900A966DF /* Debug */ = {
			isa = XCBuildConfiguration;
			buildSettings = {
				ASSETCATALOG_COMPILER_APPICON_NAME = AppIcon;
				INFOPLIST_FILE = SmileyCanvas/Info.plist;
				LD_RUNPATH_SEARCH_PATHS = "$(inherited) @executable_path/Frameworks";
				PRODUCT_BUNDLE_IDENTIFIER = com.codepath.SmileyCanvas;
				PRODUCT_NAME = "$(TARGET_NAME)";
				SWIFT_VERSION = 3.0;
			};
			name = Debug;
		};
		67342BD41DCAD7E900A966DF /* Release */ = {
			isa = XCBuildConfiguration;
			buildSettings = {
				ASSETCATALOG_COMPILER_APPICON_NAME = AppIcon;
				INFOPLIST_FILE = SmileyCanvas/Info.plist;
				LD_RUNPATH_SEARCH_PATHS = "$(inherited) @executable_path/Frameworks";
				PRODUCT_BUNDLE_IDENTIFIER = com.codepath.SmileyCanvas;
				PRODUCT_NAME = "$(TARGET_NAME)";
				SWIFT_VERSION = 3.0;
			};
			name = Release;
		};
/* End XCBuildConfiguration section */

/* Begin XCConfigurationList section */
		67342BBB1DCAD7E800A966DF /* Build configuration list for PBXProject "SmileyCanvas" */ = {
			isa = XCConfigurationList;
			buildConfigurations = (
				67342BD01DCAD7E900A966DF /* Debug */,
				67342BD11DCAD7E900A966DF /* Release */,
			);
			defaultConfigurationIsVisible = 0;
			defaultConfigurationName = Release;
		};
		67342BD21DCAD7E900A966DF /* Build configuration list for PBXNativeTarget "SmileyCanvas" */ = {
			isa = XCConfigurationList;
			buildConfigurations = (
				67342BD31DCAD7E900A966DF /* Debug */,
				67342BD41DCAD7E900A966DF /* Release */,
			);
			defaultConfigurationIsVisible = 0;
		};
/* End XCConfigurationList section */
	};
	rootObject = 67342BB81DCAD7E800A966DF /* Project object */;
}
